
Microsoft Visual Studio Solution File, Format Version 12.00
# Visual Studio Version 17
VisualStudioVersion = 17.5.33424.131
MinimumVisualStudioVersion = 10.0.40219.1
Project("{FAE04EC0-301F-11D3-BF4B-00C04F79EFBC}") = "TestHandyControls", "TestHandyControls\TestHandyControls.csproj", "{F74C7447-5980-49C1-AAB2-DB6473F87C51}"
EndProject
Project("{FAE04EC0-301F-11D3-BF4B-00C04F79EFBC}") = "TestHandyControlsSDKTemplate", "TestHandyControlsSDKTemplate\TestHandyControlsSDKTemplate.csproj", "{8C19BA39-A451-4E3A-B5DF-CFA8D01D3ED4}"
EndProject
Global
	GlobalSection(SolutionConfigurationPlatforms) = preSolution
		Debug|Any CPU = Debug|Any CPU
		Release|Any CPU = Release|Any CPU
	EndGlobalSection
	GlobalSection(ProjectConfigurationPlatforms) = postSolution
		{F74C7447-5980-49C1-AAB2-DB6473F87C51}.Debug|Any CPU.ActiveCfg = Debug|Any CPU
		{F74C7447-5980-49C1-AAB2-DB6473F87C51}.Debug|Any CPU.Build.0 = Debug|Any CPU
		{F74C7447-5980-49C1-AAB2-DB6473F87C51}.Release|Any CPU.ActiveCfg = Release|Any CPU
		{F74C7447-5980-49C1-AAB2-DB6473F87C51}.Release|Any CPU.Build.0 = Release|Any CPU
		{8C19BA39-A451-4E3A-B5DF-CFA8D01D3ED4}.Debug|Any CPU.ActiveCfg = Debug|Any CPU
		{8C19BA39-A451-4E3A-B5DF-CFA8D01D3ED4}.Debug|Any CPU.Build.0 = Debug|Any CPU
		{8C19BA39-A451-4E3A-B5DF-CFA8D01D3ED4}.Release|Any CPU.ActiveCfg = Release|Any CPU
		{8C19BA39-A451-4E3A-B5DF-CFA8D01D3ED4}.Release|Any CPU.Build.0 = Release|Any CPU
	EndGlobalSection
	GlobalSection(SolutionProperties) = preSolution
		HideSolutionNode = FALSE
	EndGlobalSection
	GlobalSection(ExtensibilityGlobals) = postSolution
		SolutionGuid = {0246026B-197D-4D7B-804E-DB0C4E9E3165}
	EndGlobalSection
EndGlobal
